{
  "name": "pearplayer-local-backend",
  "version": "0.1.0",
  "lockfileVersion": 3,
  "requires": true,
  "packages": {
    "": {
      "name": "pearplayer-local-backend",
      "version": "0.1.0",
      "dependencies": {
        "@roamhq/wrtc": "^0.10.0",
        "node-datachannel": "^0.33.1",
        "ws": "^8.18.0"
      }
    },
    "node_modules/@node-datachannel/darwin-arm64": {
      "version": "0.33.1",
      "resolved": "https://registry.npmjs.org/@node-datachannel/darwin-arm64/-/darwin-arm64-0.33.1.tgz",
      "integrity": "sha512-6reyGKzuYNzuJypm4KrpJVTpION39rZmLoqDNMiehTVuSZzV1yoYyLHCzJ9XNVpOViGdaUvAWXJTlHcoQOZtrw==",
      "cpu": [
        "arm64"
      ],
      "license": "MPL 2.0",
      "optional": true,
      "os": [
        "darwin"
      ]
    },
    "node_modules/@node-datachannel/darwin-x64": {
      "version": "0.33.1",
      "resolved": "https://registry.npmjs.org/@node-datachannel/darwin-x64/-/darwin-x64-0.33.1.tgz",
      "integrity": "sha512-1zXH/E79bswwRfbUwilw9iPNCCI4GLul/xxsjx/H7jbPT9SeMgkHKcx7Emuw91NBeYYPvYSYwQ705h4FTVDxow==",
      "cpu": [
        "x64"
      ],
      "license": "MPL 2.0",
      "optional": true,
      "os": [
        "darwin"
      ]
    },
    "node_modules/@node-datachannel/linux-arm64-gnu": {
      "version": "0.33.1",
      "resolved": "https://registry.npmjs.org/@node-datachannel/linux-arm64-gnu/-/linux-arm64-gnu-0.33.1.tgz",
      "integrity": "sha512-FriA+y9cKnr9shQaNz4AdqkaNb7yqBcj1U/OgAlLvJtY/mJLvRX7R3iic18aUA5BkMMK+wwqBI/0Al3brxdRAw==",
      "cpu": [
        "arm64"
      ],
      "libc": [
        "glibc"
      ],
      "license": "MPL 2.0",
      "optional": true,
      "os": [
        "linux"
      ]
    },
    "node_modules/@node-datachannel/linux-arm64-musl": {
      "version": "0.33.1",
      "resolved": "https://registry.npmjs.org/@node-datachannel/linux-arm64-musl/-/linux-arm64-musl-0.33.1.tgz",
      "integrity": "sha512-MGtNFlIZ5b9sRBDFD3xS3oAhmAxJyEDrrhuUUEtR4Z4boSGOIzg0IiE5YQalmG7XgpMe0cxigBBTJitDczYyNQ==",
      "cpu": [
        "arm64"
      ],
      "libc": [
        "musl"
      ],
      "license": "MPL 2.0",
      "optional": true,
      "os": [
        "linux"
      ]
    },
    "node_modules/@node-datachannel/linux-x64-gnu": {
      "version": "0.33.1",
      "resolved": "https://registry.npmjs.org/@node-datachannel/linux-x64-gnu/-/linux-x64-gnu-0.33.1.tgz",
      "integrity": "sha512-0mTxq+0fYatoQ/7y9uMLDSRbnb0/Vrrl1Fhsuys8PfB06ft3IA8+6/qdFgRriHbCNkCkB3mSvWEIjCVjXuPr1A==",
      "cpu": [
        "x64"
      ],
      "libc": [
        "glibc"
      ],
      "license": "MPL 2.0",
      "optional": true,
      "os": [
        "linux"
      ]
    },
    "node_modules/@node-datachannel/linux-x64-musl": {
      "version": "0.33.1",
      "resolved": "https://registry.npmjs.org/@node-datachannel/linux-x64-musl/-/linux-x64-musl-0.33.1.tgz",
      "integrity": "sha512-LSIdM/tpdwy8d+pN7Vj5Dd4kU3vtdh1PKzz8MYPEPKpv2If5gBydA9pvmGDldiyn07Ijj1TrIQhV+1ozGBm0dw==",
      "cpu": [
        "x64"
      ],
      "libc": [
        "musl"
      ],
      "license": "MPL 2.0",
      "optional": true,
      "os": [
        "linux"
      ]
    },
    "node_modules/@node-datachannel/win32-arm64-msvc": {
      "version": "0.33.1",
      "resolved": "https://registry.npmjs.org/@node-datachannel/win32-arm64-msvc/-/win32-arm64-msvc-0.33.1.tgz",
      "integrity": "sha512-uERR6Zz3wqLnOhBe1YRFodFSD9c7N3aM2Upe/z7miR7F8sprLr00+SkrTXZ+RayW8BN+xDtZRKFYYROvuJy/ug==",
      "cpu": [
        "arm64"
      ],
      "license": "MPL 2.0",
      "optional": true,
      "os": [
        "win32"
      ]
    },
    "node_modules/@node-datachannel/win32-x64-msvc": {
      "version": "0.33.1",
      "resolved": "https://registry.npmjs.org/@node-datachannel/win32-x64-msvc/-/win32-x64-msvc-0.33.1.tgz",
      "integrity": "sha512-i5c3t+hDz6oNcen8aQZetxtAfYnNeUEND67oJrnAL8qQFzaRv6wKO5Q7G1vpjzQUyC54xe6s4oD8uuVo2sKPzA==",
      "cpu": [
        "x64"
      ],
      "license": "MPL 2.0",
      "optional": true,
      "os": [
        "win32"
      ]
    },
    "node_modules/@roamhq/wrtc": {
      "version": "0.10.0",
      "resolved": "https://registry.npmjs.org/@roamhq/wrtc/-/wrtc-0.10.0.tgz",
      "integrity": "sha512-yFqQQ0EV1ZUHaphh3tmjoxPi2wzhW2vjmzoAVNRRLUjXYd2e1nvwi9TKfE2w4WNvNws/hBkouvOt23Xo9FkXkQ==",
      "license": "BSD-2-Clause",
      "optionalDependencies": {
        "@roamhq/wrtc-darwin-arm64": "0.10.0",
        "@roamhq/wrtc-darwin-x64": "0.10.0",
        "@roamhq/wrtc-linux-arm64": "0.10.0",
        "@roamhq/wrtc-linux-x64": "0.10.0",
        "@roamhq/wrtc-win32-x64": "0.10.0",
        "domexception": "^4.0.0"
      }
    },
    "node_modules/@roamhq/wrtc-darwin-arm64": {
      "version": "0.10.0",
      "resolved": "https://registry.npmjs.org/@roamhq/wrtc-darwin-arm64/-/wrtc-darwin-arm64-0.10.0.tgz",
      "integrity": "sha512-vFdi79jWuPHcnUcnuOjTvyKtmY/RI2xRQo9Y6RsIjIlYePN/7LTy00c+Ivrz4prYAPbp0oHscl7PDV64VUqGTQ==",
      "cpu": [
        "arm64"
      ],
      "license": "BSD-2-Clause",
      "optional": true,
      "os": [
        "darwin"
      ]
    },
    "node_modules/@roamhq/wrtc-darwin-x64": {
      "version": "0.10.0",
      "resolved": "https://registry.npmjs.org/@roamhq/wrtc-darwin-x64/-/wrtc-darwin-x64-0.10.0.tgz",
      "integrity": "sha512-H6852g2xYCuaR+/TrthpdMafs4bMfAUEpvRDhsIguzrK7Dz+MKpNI8MkwdqJN8W65J+7w7k+YqXIkTHe7Fz/cg==",
      "cpu": [
        "x64"
      ],
      "license": "BSD-2-Clause",
      "optional": true,
      "os": [
        "darwin"
      ]
    },
    "node_modules/@roamhq/wrtc-linux-arm64": {
      "version": "0.10.0",
      "resolved": "https://registry.npmjs.org/@roamhq/wrtc-linux-arm64/-/wrtc-linux-arm64-0.10.0.tgz",
      "integrity": "sha512-fEuJbNjprxQG6QlFd2iqBW9x028RDSho6izVg7gyt8irdPiXWOxzOxNnYMs/B2fohBTd1wD4Qxfivl07/dCR8A==",
      "cpu": [
        "arm64"
      ],
      "license": "BSD-2-Clause",
      "optional": true,
      "os": [
        "linux"
      ]
    },
    "node_modules/@roamhq/wrtc-linux-x64": {
      "version": "0.10.0",
      "resolved": "https://registry.npmjs.org/@roamhq/wrtc-linux-x64/-/wrtc-linux-x64-0.10.0.tgz",
      "integrity": "sha512-H32lK2eFg3sVb/9nkHIX5HIisxFoS82Gpesuea+zqAyRpRzSd5NpFXx28bVy9wQyRrNtj8k0bTUgEzWRzSbYCA==",
      "cpu": [
        "x64"
      ],
      "license": "BSD-2-Clause",
      "optional": true,
      "os": [
        "linux"
      ]
    },
    "node_modules/@roamhq/wrtc-win32-x64": {
      "version": "0.10.0",
      "resolved": "https://registry.npmjs.org/@roamhq/wrtc-win32-x64/-/wrtc-win32-x64-0.10.0.tgz",
      "integrity": "sha512-wEVXMvLrBizdLyrd+Zc7zb7zpwUuHUBXwrdIvI69e3i/AA8YsVYI2xo/sxk6GoQ+o8a14ONc4SStDS35TCjg+w==",
      "cpu": [
        "x64"
      ],
      "license": "BSD-2-Clause",
      "optional": true,
      "os": [
        "win32"
      ]
    },
    "node_modules/detect-libc": {
      "version": "2.1.2",
      "resolved": "https://registry.npmjs.org/detect-libc/-/detect-libc-2.1.2.tgz",
      "integrity": "sha512-Btj2BOOO83o3WyH59e8MgXsxEQVcarkUOpEYrubB0urwnN10yQ364rsiByU11nZlqWYZm05i/of7io4mzihBtQ==",
      "license": "Apache-2.0",
      "engines": {
        "node": ">=8"
      }
    },
    "node_modules/domexception": {
      "version": "4.0.0",
      "resolved": "https://registry.npmjs.org/domexception/-/domexception-4.0.0.tgz",
      "integrity": "sha512-A2is4PLG+eeSfoTMA95/s4pvAoSo2mKtiM5jlHkAVewmiO8ISFTFKZjH7UAM1Atli/OT/7JHOrJRJiMKUZKYBw==",
      "deprecated": "Use your platform's native DOMException instead",
      "license": "MIT",
      "optional": true,
      "dependencies": {
        "webidl-conversions": "^7.0.0"
      },
      "engines": {
        "node": ">=12"
      }
    },
    "node_modules/node-datachannel": {
      "version": "0.33.1",
      "resolved": "https://registry.npmjs.org/node-datachannel/-/node-datachannel-0.33.1.tgz",
      "integrity": "sha512-9oryOvUx2WqOmMUQ+JHyCx9w9UPBLGQcZQNcSYDc1LZS/hFSAqDyIRt6b5H5Ue13Gpe/vTjU8y9UvCBrbwpbAQ==",
      "license": "MPL 2.0",
      "dependencies": {
        "detect-libc": "^2.0.4"
      },
      "engines": {
        "node": ">=18.20.0"
      },
      "optionalDependencies": {
        "@node-datachannel/android-arm64": "0.33.1",
        "@node-datachannel/darwin-arm64": "0.33.1",
        "@node-datachannel/darwin-x64": "0.33.1",
        "@node-datachannel/linux-arm64-gnu": "0.33.1",
        "@node-datachannel/linux-arm64-musl": "0.33.1",
        "@node-datachannel/linux-x64-gnu": "0.33.1",
        "@node-datachannel/linux-x64-musl": "0.33.1",
        "@node-datachannel/win32-arm64-msvc": "0.33.1",
        "@node-datachannel/win32-x64-msvc": "0.33.1"
      }
    },
    "node_modules/node-datachannel/node_modules/@node-datachannel/android-arm64": {
      "optional": true
    },
    "node_modules/webidl-conversions": {
      "version": "7.0.0",
      "resolved": "https://registry.npmjs.org/webidl-conversions/-/webidl-conversions-7.0.0.tgz",
      "integrity": "sha512-VwddBukDzu71offAQR975unBIGqfKZpM+8ZX6ySk8nYhVoo5CYaZyzt3YBvYtRtO+aoGlqxPg/B87NGVZ/fu6g==",
      "license": "BSD-2-Clause",
      "optional": true,
      "engines": {
        "node": ">=12"
      }
    },
    "node_modules/ws": {
      "version": "8.21.3",
      "resolved": "https://registry.npmjs.org/ws/-/ws-8.21.3.tgz",
      "integrity": "sha512-201TZ/kPWxoPr/OKWjquZR1SWKXcvxdH+e1xrx89b3YbmzLMFCLfnaG1HFIgWzJOEWZ7MvpK++odZufgYR50Rw==",
      "license": "MIT",
      "engines": {
        "node": ">=10.0.0"
      },
      "peerDependencies": {
        "bufferutil": "^4.0.1",
        "utf-8-validate": ">=5.0.2"
      },
      "peerDependenciesMeta": {
        "bufferutil": {
          "optional": true
        },
        "utf-8-validate": {
          "optional": true
        }
      }
    }
  }
}
